
Microsoft Visual Studio Solution File, Format Version 12.00
# Visual Studio Version 16
VisualStudioVersion = 16.0.31129.286
MinimumVisualStudioVersion = 10.0.40219.1
Project("{FAE04EC0-301F-11D3-BF4B-00C04F79EFBC}") = "TextRPG", "TextRPG\TextRPG.csproj", "{96761C85-C754-4362-B131-BF379F4B6F32}"
EndProject
Global
	GlobalSection(SolutionConfigurationPlatforms) = preSolution
		Debug|Any CPU = Debug|Any CPU
		Release|Any CPU = Release|Any CPU
	EndGlobalSection
	GlobalSection(ProjectConfigurationPlatforms) = postSolution
		{96761C85-C754-4362-B131-BF379F4B6F32}.Debug|Any CPU.ActiveCfg = Debug|Any CPU
		{96761C85-C754-4362-B131-BF379F4B6F32}.Debug|Any CPU.Build.0 = Debug|Any CPU
		{96761C85-C754-4362-B131-BF379F4B6F32}.Release|Any CPU.ActiveCfg = Release|Any CPU
		{96761C85-C754-4362-B131-BF379F4B6F32}.Release|Any CPU.Build.0 = Release|Any CPU
	EndGlobalSection
	GlobalSection(SolutionProperties) = preSolution
		HideSolutionNode = FALSE
	EndGlobalSection
	GlobalSection(ExtensibilityGlobals) = postSolution
		SolutionGuid = {7D1DA7B2-888B-4596-AA0F-8FC67A9511B8}
	EndGlobalSection
EndGlobal
